
Microsoft Visual Studio Solution File, Format Version 12.00
# Visual Studio Version 17
VisualStudioVersion = 17.9.34728.123
MinimumVisualStudioVersion = 10.0.40219.1
Project("{8BC9CEB8-8B4A-11D0-8D11-00A0C91BC942}") = "recipe ingredient list", "recipe ingredient list\recipe ingredient list.vcxproj", "{6599CD41-7D2B-4B10-A026-D0E061383427}"
EndProject
Global
	GlobalSection(SolutionConfigurationPlatforms) = preSolution
		Debug|x64 = Debug|x64
		Debug|x86 = Debug|x86
		Release|x64 = Release|x64
		Release|x86 = Release|x86
	EndGlobalSection
	GlobalSection(ProjectConfigurationPlatforms) = postSolution
		{6599CD41-7D2B-4B10-A026-D0E061383427}.Debug|x64.ActiveCfg = Debug|x64
		{6599CD41-7D2B-4B10-A026-D0E061383427}.Debug|x64.Build.0 = Debug|x64
		{6599CD41-7D2B-4B10-A026-D0E061383427}.Debug|x86.ActiveCfg = Debug|Win32
		{6599CD41-7D2B-4B10-A026-D0E061383427}.Debug|x86.Build.0 = Debug|Win32
		{6599CD41-7D2B-4B10-A026-D0E061383427}.Release|x64.ActiveCfg = Release|x64
		{6599CD41-7D2B-4B10-A026-D0E061383427}.Release|x64.Build.0 = Release|x64
		{6599CD41-7D2B-4B10-A026-D0E061383427}.Release|x86.ActiveCfg = Release|Win32
		{6599CD41-7D2B-4B10-A026-D0E061383427}.Release|x86.Build.0 = Release|Win32
	EndGlobalSection
	GlobalSection(SolutionProperties) = preSolution
		HideSolutionNode = FALSE
	EndGlobalSection
	GlobalSection(ExtensibilityGlobals) = postSolution
		SolutionGuid = {FEA79A77-A732-4F0C-B4C9-AA213FC2A447}
	EndGlobalSection
EndGlobal
